{
  "requires": true,
  "lockfileVersion": 1,
  "dependencies": {
    "bowser": {
      "version": "1.9.3",
      "resolved": "https://registry.npmjs.org/bowser/-/bowser-1.9.3.tgz",
      "integrity": "sha512-/gp96UlcFw5DbV2KQPCqTqi0Mb9gZRyDAHiDsGEH+4B/KOQjeoE5lM1PxlVX8DQDvfEfitmC1rW2Oy8fk/XBDg=="
    },
    "inline-style-prefixer": {
      "version": "0.6.7",
      "resolved": "https://registry.npmjs.org/inline-style-prefixer/-/inline-style-prefixer-0.6.7.tgz",
      "integrity": "sha1-7rRTwsdkqnRx0cyRbCBvuBrKTnU=",
      "requires": {
        "bowser": "1.9.3"
      }
    },
    "react-center": {
      "version": "1.1.1",
      "resolved": "https://registry.npmjs.org/react-center/-/react-center-1.1.1.tgz",
      "integrity": "sha1-Mdt6L/ciukKeOb+ZQsK47Jj+wQo=",
      "requires": {
        "inline-style-prefixer": "0.6.7"
      }
    }
  }
}
